
Microsoft Visual Studio Solution File, Format Version 12.00
# Visual Studio Version 16
VisualStudioVersion = 16.0.29102.190
MinimumVisualStudioVersion = 10.0.40219.1
Project("{FAE04EC0-301F-11D3-BF4B-00C04F79EFBC}") = "MVVM", "MVVM.csproj", "{47A8598D-4312-40C9-B871-2B51E23D0D52}"
EndProject
Global
	GlobalSection(SolutionConfigurationPlatforms) = preSolution
		Debug|Any CPU = Debug|Any CPU
		Release|Any CPU = Release|Any CPU
	EndGlobalSection
	GlobalSection(ProjectConfigurationPlatforms) = postSolution
		{47A8598D-4312-40C9-B871-2B51E23D0D52}.Debug|Any CPU.ActiveCfg = Debug|Any CPU
		{47A8598D-4312-40C9-B871-2B51E23D0D52}.Debug|Any CPU.Build.0 = Debug|Any CPU
		{47A8598D-4312-40C9-B871-2B51E23D0D52}.Release|Any CPU.ActiveCfg = Release|Any CPU
		{47A8598D-4312-40C9-B871-2B51E23D0D52}.Release|Any CPU.Build.0 = Release|Any CPU
	EndGlobalSection
	GlobalSection(SolutionProperties) = preSolution
		HideSolutionNode = FALSE
	EndGlobalSection
	GlobalSection(ExtensibilityGlobals) = postSolution
		SolutionGuid = {98ABE9A2-5926-43E4-AC3E-411127A625E3}
	EndGlobalSection
EndGlobal
